
Microsoft Visual Studio Solution File, Format Version 12.00
# Visual Studio Version 17
VisualStudioVersion = 17.2.32630.192
MinimumVisualStudioVersion = 10.0.40219.1
Project("{FAE04EC0-301F-11D3-BF4B-00C04F79EFBC}") = "TaskOneSaber", "TaskOneSaber\TaskOneSaber.csproj", "{C2842DBC-1BD2-4247-8752-4E799A49BBCA}"
EndProject
Global
	GlobalSection(SolutionConfigurationPlatforms) = preSolution
		Debug|Any CPU = Debug|Any CPU
		Release|Any CPU = Release|Any CPU
	EndGlobalSection
	GlobalSection(ProjectConfigurationPlatforms) = postSolution
		{C2842DBC-1BD2-4247-8752-4E799A49BBCA}.Debug|Any CPU.ActiveCfg = Debug|Any CPU
		{C2842DBC-1BD2-4247-8752-4E799A49BBCA}.Debug|Any CPU.Build.0 = Debug|Any CPU
		{C2842DBC-1BD2-4247-8752-4E799A49BBCA}.Release|Any CPU.ActiveCfg = Release|Any CPU
		{C2842DBC-1BD2-4247-8752-4E799A49BBCA}.Release|Any CPU.Build.0 = Release|Any CPU
	EndGlobalSection
	GlobalSection(SolutionProperties) = preSolution
		HideSolutionNode = FALSE
	EndGlobalSection
	GlobalSection(ExtensibilityGlobals) = postSolution
		SolutionGuid = {1AA692BC-8FD0-4ABC-81FE-EEE7F50789F3}
	EndGlobalSection
EndGlobal
